
Microsoft Visual Studio Solution File, Format Version 12.00
# Visual Studio 15
VisualStudioVersion = 15.0.26124.0
MinimumVisualStudioVersion = 15.0.26124.0
Project("{2150E333-8FDC-42A3-9474-1A3956D46DE8}") = "src", "src", "{F847D841-1AAA-411F-A366-953DBE835B3C}"
EndProject
Project("{FAE04EC0-301F-11D3-BF4B-00C04F79EFBC}") = "GradeBook", "src\GradeBook\GradeBook.csproj", "{CD3C2A9F-2385-4A68-9B15-AEB8FD8BAC6E}"
EndProject
Project("{2150E333-8FDC-42A3-9474-1A3956D46DE8}") = "test", "test", "{D0EEB1B4-995E-4557-A674-44763DD20DE1}"
EndProject
Project("{FAE04EC0-301F-11D3-BF4B-00C04F79EFBC}") = "GradeBook.Tests", "test\GradeBook.Tests\GradeBook.Tests.csproj", "{B618EC4F-B399-40E1-870A-DFE7FB37A429}"
EndProject
Global
	GlobalSection(SolutionConfigurationPlatforms) = preSolution
		Debug|Any CPU = Debug|Any CPU
		Debug|x64 = Debug|x64
		Debug|x86 = Debug|x86
		Release|Any CPU = Release|Any CPU
		Release|x64 = Release|x64
		Release|x86 = Release|x86
	EndGlobalSection
	GlobalSection(SolutionProperties) = preSolution
		HideSolutionNode = FALSE
	EndGlobalSection
	GlobalSection(ProjectConfigurationPlatforms) = postSolution
		{CD3C2A9F-2385-4A68-9B15-AEB8FD8BAC6E}.Debug|Any CPU.ActiveCfg = Debug|Any CPU
		{CD3C2A9F-2385-4A68-9B15-AEB8FD8BAC6E}.Debug|Any CPU.Build.0 = Debug|Any CPU
		{CD3C2A9F-2385-4A68-9B15-AEB8FD8BAC6E}.Debug|x64.ActiveCfg = Debug|Any CPU
		{CD3C2A9F-2385-4A68-9B15-AEB8FD8BAC6E}.Debug|x64.Build.0 = Debug|Any CPU
		{CD3C2A9F-2385-4A68-9B15-AEB8FD8BAC6E}.Debug|x86.ActiveCfg = Debug|Any CPU
		{CD3C2A9F-2385-4A68-9B15-AEB8FD8BAC6E}.Debug|x86.Build.0 = Debug|Any CPU
		{CD3C2A9F-2385-4A68-9B15-AEB8FD8BAC6E}.Release|Any CPU.ActiveCfg = Release|Any CPU
		{CD3C2A9F-2385-4A68-9B15-AEB8FD8BAC6E}.Release|Any CPU.Build.0 = Release|Any CPU
		{CD3C2A9F-2385-4A68-9B15-AEB8FD8BAC6E}.Release|x64.ActiveCfg = Release|Any CPU
		{CD3C2A9F-2385-4A68-9B15-AEB8FD8BAC6E}.Release|x64.Build.0 = Release|Any CPU
		{CD3C2A9F-2385-4A68-9B15-AEB8FD8BAC6E}.Release|x86.ActiveCfg = Release|Any CPU
		{CD3C2A9F-2385-4A68-9B15-AEB8FD8BAC6E}.Release|x86.Build.0 = Release|Any CPU
		{B618EC4F-B399-40E1-870A-DFE7FB37A429}.Debug|Any CPU.ActiveCfg = Debug|Any CPU
		{B618EC4F-B399-40E1-870A-DFE7FB37A429}.Debug|Any CPU.Build.0 = Debug|Any CPU
		{B618EC4F-B399-40E1-870A-DFE7FB37A429}.Debug|x64.ActiveCfg = Debug|Any CPU
		{B618EC4F-B399-40E1-870A-DFE7FB37A429}.Debug|x64.Build.0 = Debug|Any CPU
		{B618EC4F-B399-40E1-870A-DFE7FB37A429}.Debug|x86.ActiveCfg = Debug|Any CPU
		{B618EC4F-B399-40E1-870A-DFE7FB37A429}.Debug|x86.Build.0 = Debug|Any CPU
		{B618EC4F-B399-40E1-870A-DFE7FB37A429}.Release|Any CPU.ActiveCfg = Release|Any CPU
		{B618EC4F-B399-40E1-870A-DFE7FB37A429}.Release|Any CPU.Build.0 = Release|Any CPU
		{B618EC4F-B399-40E1-870A-DFE7FB37A429}.Release|x64.ActiveCfg = Release|Any CPU
		{B618EC4F-B399-40E1-870A-DFE7FB37A429}.Release|x64.Build.0 = Release|Any CPU
		{B618EC4F-B399-40E1-870A-DFE7FB37A429}.Release|x86.ActiveCfg = Release|Any CPU
		{B618EC4F-B399-40E1-870A-DFE7FB37A429}.Release|x86.Build.0 = Release|Any CPU
	EndGlobalSection
	GlobalSection(NestedProjects) = preSolution
		{CD3C2A9F-2385-4A68-9B15-AEB8FD8BAC6E} = {F847D841-1AAA-411F-A366-953DBE835B3C}
		{B618EC4F-B399-40E1-870A-DFE7FB37A429} = {D0EEB1B4-995E-4557-A674-44763DD20DE1}
	EndGlobalSection
EndGlobal
